
Microsoft Visual Studio Solution File, Format Version 12.00
# Visual Studio Version 17
VisualStudioVersion = 17.4.33205.214
MinimumVisualStudioVersion = 10.0.40219.1
Project("{FAE04EC0-301F-11D3-BF4B-00C04F79EFBC}") = "SOLID_LSP_Violation2", "SOLID_LSP_Violation2\SOLID_LSP_Violation2.csproj", "{403ACD90-A554-4C22-85A7-134DA58497FB}"
EndProject
Project("{FAE04EC0-301F-11D3-BF4B-00C04F79EFBC}") = "Resolucao", "Resolucao\Resolucao.csproj", "{C166E0B1-4005-4354-8182-313FF23E5BF1}"
EndProject
Global
	GlobalSection(SolutionConfigurationPlatforms) = preSolution
		Debug|Any CPU = Debug|Any CPU
		Release|Any CPU = Release|Any CPU
	EndGlobalSection
	GlobalSection(ProjectConfigurationPlatforms) = postSolution
		{403ACD90-A554-4C22-85A7-134DA58497FB}.Debug|Any CPU.ActiveCfg = Debug|Any CPU
		{403ACD90-A554-4C22-85A7-134DA58497FB}.Debug|Any CPU.Build.0 = Debug|Any CPU
		{403ACD90-A554-4C22-85A7-134DA58497FB}.Release|Any CPU.ActiveCfg = Release|Any CPU
		{403ACD90-A554-4C22-85A7-134DA58497FB}.Release|Any CPU.Build.0 = Release|Any CPU
		{C166E0B1-4005-4354-8182-313FF23E5BF1}.Debug|Any CPU.ActiveCfg = Debug|Any CPU
		{C166E0B1-4005-4354-8182-313FF23E5BF1}.Debug|Any CPU.Build.0 = Debug|Any CPU
		{C166E0B1-4005-4354-8182-313FF23E5BF1}.Release|Any CPU.ActiveCfg = Release|Any CPU
		{C166E0B1-4005-4354-8182-313FF23E5BF1}.Release|Any CPU.Build.0 = Release|Any CPU
	EndGlobalSection
	GlobalSection(SolutionProperties) = preSolution
		HideSolutionNode = FALSE
	EndGlobalSection
	GlobalSection(ExtensibilityGlobals) = postSolution
		SolutionGuid = {2607DC20-0A42-460A-A491-9ABD6E06A165}
	EndGlobalSection
EndGlobal
