
Microsoft Visual Studio Solution File, Format Version 12.00
# Visual Studio Version 16
VisualStudioVersion = 16.0.29806.167
MinimumVisualStudioVersion = 10.0.40219.1
Project("{FAE04EC0-301F-11D3-BF4B-00C04F79EFBC}") = "Aula_Propriedades", "Aula_Propriedades\Aula_Propriedades.csproj", "{FA6B5D5E-BF9A-4806-B703-4BF0989FEF38}"
EndProject
Global
	GlobalSection(SolutionConfigurationPlatforms) = preSolution
		Debug|Any CPU = Debug|Any CPU
		Release|Any CPU = Release|Any CPU
	EndGlobalSection
	GlobalSection(ProjectConfigurationPlatforms) = postSolution
		{FA6B5D5E-BF9A-4806-B703-4BF0989FEF38}.Debug|Any CPU.ActiveCfg = Debug|Any CPU
		{FA6B5D5E-BF9A-4806-B703-4BF0989FEF38}.Debug|Any CPU.Build.0 = Debug|Any CPU
		{FA6B5D5E-BF9A-4806-B703-4BF0989FEF38}.Release|Any CPU.ActiveCfg = Release|Any CPU
		{FA6B5D5E-BF9A-4806-B703-4BF0989FEF38}.Release|Any CPU.Build.0 = Release|Any CPU
	EndGlobalSection
	GlobalSection(SolutionProperties) = preSolution
		HideSolutionNode = FALSE
	EndGlobalSection
	GlobalSection(ExtensibilityGlobals) = postSolution
		SolutionGuid = {32075591-8110-40AA-B85E-E68D0F1AEA16}
	EndGlobalSection
EndGlobal
