
Microsoft Visual Studio Solution File, Format Version 12.00
# Visual Studio Version 17
VisualStudioVersion = 17.4.33205.214
MinimumVisualStudioVersion = 10.0.40219.1
Project("{FAE04EC0-301F-11D3-BF4B-00C04F79EFBC}") = "Resolucao", "SOLID_LSP3\Resolucao.csproj", "{88CE2402-7789-4363-8794-15021E0178FE}"
EndProject
Project("{FAE04EC0-301F-11D3-BF4B-00C04F79EFBC}") = "SOLID_LSP3", "Resolucao\SOLID_LSP3.csproj", "{6A7B9739-E5E7-40CF-B8F8-AF42202796D4}"
EndProject
Global
	GlobalSection(SolutionConfigurationPlatforms) = preSolution
		Debug|Any CPU = Debug|Any CPU
		Release|Any CPU = Release|Any CPU
	EndGlobalSection
	GlobalSection(ProjectConfigurationPlatforms) = postSolution
		{88CE2402-7789-4363-8794-15021E0178FE}.Debug|Any CPU.ActiveCfg = Debug|Any CPU
		{88CE2402-7789-4363-8794-15021E0178FE}.Debug|Any CPU.Build.0 = Debug|Any CPU
		{88CE2402-7789-4363-8794-15021E0178FE}.Release|Any CPU.ActiveCfg = Release|Any CPU
		{88CE2402-7789-4363-8794-15021E0178FE}.Release|Any CPU.Build.0 = Release|Any CPU
		{6A7B9739-E5E7-40CF-B8F8-AF42202796D4}.Debug|Any CPU.ActiveCfg = Debug|Any CPU
		{6A7B9739-E5E7-40CF-B8F8-AF42202796D4}.Debug|Any CPU.Build.0 = Debug|Any CPU
		{6A7B9739-E5E7-40CF-B8F8-AF42202796D4}.Release|Any CPU.ActiveCfg = Release|Any CPU
		{6A7B9739-E5E7-40CF-B8F8-AF42202796D4}.Release|Any CPU.Build.0 = Release|Any CPU
	EndGlobalSection
	GlobalSection(SolutionProperties) = preSolution
		HideSolutionNode = FALSE
	EndGlobalSection
	GlobalSection(ExtensibilityGlobals) = postSolution
		SolutionGuid = {D9BD3865-524B-424D-B356-C4469420CFB3}
	EndGlobalSection
EndGlobal
