
Microsoft Visual Studio Solution File, Format Version 12.00
# Visual Studio Version 16
VisualStudioVersion = 16.0.30128.74
MinimumVisualStudioVersion = 10.0.40219.1
Project("{FAE04EC0-301F-11D3-BF4B-00C04F79EFBC}") = "CursoFoop_ModeloDominio", "CursoFoop_ModeloDominio\CursoFoop_ModeloDominio.csproj", "{A66AE2AC-E7B6-448C-A3CB-0F1D89625D3D}"
EndProject
Global
	GlobalSection(SolutionConfigurationPlatforms) = preSolution
		Debug|Any CPU = Debug|Any CPU
		Release|Any CPU = Release|Any CPU
	EndGlobalSection
	GlobalSection(ProjectConfigurationPlatforms) = postSolution
		{A66AE2AC-E7B6-448C-A3CB-0F1D89625D3D}.Debug|Any CPU.ActiveCfg = Debug|Any CPU
		{A66AE2AC-E7B6-448C-A3CB-0F1D89625D3D}.Debug|Any CPU.Build.0 = Debug|Any CPU
		{A66AE2AC-E7B6-448C-A3CB-0F1D89625D3D}.Release|Any CPU.ActiveCfg = Release|Any CPU
		{A66AE2AC-E7B6-448C-A3CB-0F1D89625D3D}.Release|Any CPU.Build.0 = Release|Any CPU
	EndGlobalSection
	GlobalSection(SolutionProperties) = preSolution
		HideSolutionNode = FALSE
	EndGlobalSection
	GlobalSection(ExtensibilityGlobals) = postSolution
		SolutionGuid = {A8196280-B2CB-4D6B-82B6-AE22199E9EA1}
	EndGlobalSection
EndGlobal
