
Microsoft Visual Studio Solution File, Format Version 12.00
# Visual Studio Version 16
VisualStudioVersion = 16.0.30406.217
MinimumVisualStudioVersion = 10.0.40219.1
Project("{FAE04EC0-301F-11D3-BF4B-00C04F79EFBC}") = "CursoSolid_ModeloAnemico1", "CursoSolid_ModeloAnemico1\CursoSolid_ModeloAnemico1.csproj", "{F29BDEC9-4E29-43FD-BAB4-1439E956D16C}"
EndProject
Global
	GlobalSection(SolutionConfigurationPlatforms) = preSolution
		Debug|Any CPU = Debug|Any CPU
		Release|Any CPU = Release|Any CPU
	EndGlobalSection
	GlobalSection(ProjectConfigurationPlatforms) = postSolution
		{F29BDEC9-4E29-43FD-BAB4-1439E956D16C}.Debug|Any CPU.ActiveCfg = Debug|Any CPU
		{F29BDEC9-4E29-43FD-BAB4-1439E956D16C}.Debug|Any CPU.Build.0 = Debug|Any CPU
		{F29BDEC9-4E29-43FD-BAB4-1439E956D16C}.Release|Any CPU.ActiveCfg = Release|Any CPU
		{F29BDEC9-4E29-43FD-BAB4-1439E956D16C}.Release|Any CPU.Build.0 = Release|Any CPU
	EndGlobalSection
	GlobalSection(SolutionProperties) = preSolution
		HideSolutionNode = FALSE
	EndGlobalSection
	GlobalSection(ExtensibilityGlobals) = postSolution
		SolutionGuid = {A42FFCB5-1FE0-4E78-A322-1C7094C7CBF9}
	EndGlobalSection
EndGlobal
