
Microsoft Visual Studio Solution File, Format Version 12.00
# Visual Studio Version 16
VisualStudioVersion = 16.0.29911.84
MinimumVisualStudioVersion = 10.0.40219.1
Project("{FAE04EC0-301F-11D3-BF4B-00C04F79EFBC}") = "CursoFoop_InterfaceDesacopla1", "CursoFoop_InterfaceDesacopla1\CursoFoop_InterfaceDesacopla1.csproj", "{36DB01FD-ED85-4E75-98F9-B561F530C99E}"
EndProject
Global
	GlobalSection(SolutionConfigurationPlatforms) = preSolution
		Debug|Any CPU = Debug|Any CPU
		Release|Any CPU = Release|Any CPU
	EndGlobalSection
	GlobalSection(ProjectConfigurationPlatforms) = postSolution
		{36DB01FD-ED85-4E75-98F9-B561F530C99E}.Debug|Any CPU.ActiveCfg = Debug|Any CPU
		{36DB01FD-ED85-4E75-98F9-B561F530C99E}.Debug|Any CPU.Build.0 = Debug|Any CPU
		{36DB01FD-ED85-4E75-98F9-B561F530C99E}.Release|Any CPU.ActiveCfg = Release|Any CPU
		{36DB01FD-ED85-4E75-98F9-B561F530C99E}.Release|Any CPU.Build.0 = Release|Any CPU
	EndGlobalSection
	GlobalSection(SolutionProperties) = preSolution
		HideSolutionNode = FALSE
	EndGlobalSection
	GlobalSection(ExtensibilityGlobals) = postSolution
		SolutionGuid = {C4EE7E92-45BD-4B5E-B49B-CCE4083DBECF}
	EndGlobalSection
EndGlobal
